
Microsoft Visual Studio Solution File, Format Version 12.00
# Visual Studio Version 17
VisualStudioVersion = 17.13.35919.96 d17.13
MinimumVisualStudioVersion = 10.0.40219.1
Project("{FAE04EC0-301F-11D3-BF4B-00C04F79EFBC}") = "Lab03", "Lab03\Lab03.csproj", "{B3DA05D0-0F09-4665-89AF-A5D45E773597}"
EndProject
Global
	GlobalSection(SolutionConfigurationPlatforms) = preSolution
		Debug|Any CPU = Debug|Any CPU
		Release|Any CPU = Release|Any CPU
	EndGlobalSection
	GlobalSection(ProjectConfigurationPlatforms) = postSolution
		{B3DA05D0-0F09-4665-89AF-A5D45E773597}.Debug|Any CPU.ActiveCfg = Debug|Any CPU
		{B3DA05D0-0F09-4665-89AF-A5D45E773597}.Debug|Any CPU.Build.0 = Debug|Any CPU
		{B3DA05D0-0F09-4665-89AF-A5D45E773597}.Release|Any CPU.ActiveCfg = Release|Any CPU
		{B3DA05D0-0F09-4665-89AF-A5D45E773597}.Release|Any CPU.Build.0 = Release|Any CPU
	EndGlobalSection
	GlobalSection(SolutionProperties) = preSolution
		HideSolutionNode = FALSE
	EndGlobalSection
	GlobalSection(ExtensibilityGlobals) = postSolution
		SolutionGuid = {A5AF01D7-B3CC-48D5-91C7-EF87CA737CBF}
	EndGlobalSection
EndGlobal
